
Microsoft Visual Studio Solution File, Format Version 12.00
# Visual Studio Version 16
VisualStudioVersion = 16.0.29215.179
MinimumVisualStudioVersion = 10.0.40219.1
Project("{2150E333-8FDC-42A3-9474-1A3956D46DE8}") = "Solution Items", "Solution Items", "{1804B845-8B89-492A-BF86-1ADD22C5D714}"
	ProjectSection(SolutionItems) = preProject
		LICENSE = LICENSE
		README.md = README.md
	EndProjectSection
EndProject
Project("{9A19103F-16F7-4668-BE54-9A1E7A4F7556}") = "NeatInput.Domain", "src\NeatInput.Domain\NeatInput.Domain.csproj", "{7FAA1B25-B9DF-4E17-963C-0953320DA578}"
EndProject
Project("{9A19103F-16F7-4668-BE54-9A1E7A4F7556}") = "NeatInput.Application", "src\NeatInput.Application\NeatInput.Application.csproj", "{FCB253A7-A39B-4A30-BC39-4752219807EF}"
EndProject
Project("{FAE04EC0-301F-11D3-BF4B-00C04F79EFBC}") = "NeatInput", "src\NeatInput\NeatInput.csproj", "{7B1A4414-C541-428D-AA4B-9D7D0E7F5A16}"
EndProject
Global
	GlobalSection(SolutionConfigurationPlatforms) = preSolution
		Debug|Any CPU = Debug|Any CPU
		Release|Any CPU = Release|Any CPU
	EndGlobalSection
	GlobalSection(ProjectConfigurationPlatforms) = postSolution
		{7FAA1B25-B9DF-4E17-963C-0953320DA578}.Debug|Any CPU.ActiveCfg = Debug|Any CPU
		{7FAA1B25-B9DF-4E17-963C-0953320DA578}.Debug|Any CPU.Build.0 = Debug|Any CPU
		{7FAA1B25-B9DF-4E17-963C-0953320DA578}.Release|Any CPU.ActiveCfg = Release|Any CPU
		{7FAA1B25-B9DF-4E17-963C-0953320DA578}.Release|Any CPU.Build.0 = Release|Any CPU
		{FCB253A7-A39B-4A30-BC39-4752219807EF}.Debug|Any CPU.ActiveCfg = Debug|Any CPU
		{FCB253A7-A39B-4A30-BC39-4752219807EF}.Debug|Any CPU.Build.0 = Debug|Any CPU
		{FCB253A7-A39B-4A30-BC39-4752219807EF}.Release|Any CPU.ActiveCfg = Release|Any CPU
		{FCB253A7-A39B-4A30-BC39-4752219807EF}.Release|Any CPU.Build.0 = Release|Any CPU
		{7B1A4414-C541-428D-AA4B-9D7D0E7F5A16}.Debug|Any CPU.ActiveCfg = Debug|Any CPU
		{7B1A4414-C541-428D-AA4B-9D7D0E7F5A16}.Debug|Any CPU.Build.0 = Debug|Any CPU
		{7B1A4414-C541-428D-AA4B-9D7D0E7F5A16}.Release|Any CPU.ActiveCfg = Release|Any CPU
		{7B1A4414-C541-428D-AA4B-9D7D0E7F5A16}.Release|Any CPU.Build.0 = Release|Any CPU
	EndGlobalSection
	GlobalSection(SolutionProperties) = preSolution
		HideSolutionNode = FALSE
	EndGlobalSection
	GlobalSection(ExtensibilityGlobals) = postSolution
		SolutionGuid = {6EF9ED7D-6CB6-491B-A31B-3AF9377FD560}
	EndGlobalSection
EndGlobal
