
Microsoft Visual Studio Solution File, Format Version 12.00
# Visual Studio Version 16
VisualStudioVersion = 16.0.29215.179
MinimumVisualStudioVersion = 10.0.40219.1
Project("{FAE04EC0-301F-11D3-BF4B-00C04F79EFBC}") = "NeatInput.TestConsoleApp", "src\NeatInput.TestConsoleApp\NeatInput.TestConsoleApp.csproj", "{9BCF79CF-8709-4667-A32A-0E85A877A273}"
EndProject
Project("{2150E333-8FDC-42A3-9474-1A3956D46DE8}") = "Solution Items", "Solution Items", "{1804B845-8B89-492A-BF86-1ADD22C5D714}"
	ProjectSection(SolutionItems) = preProject
		README.md = README.md
	EndProjectSection
EndProject
Project("{FAE04EC0-301F-11D3-BF4B-00C04F79EFBC}") = "NeatInput", "src\NeatInput\NeatInput.csproj", "{616705DE-FE07-406E-BCD9-4B60ABE3E481}"
EndProject
Global
	GlobalSection(SolutionConfigurationPlatforms) = preSolution
		Debug|Any CPU = Debug|Any CPU
		Release|Any CPU = Release|Any CPU
	EndGlobalSection
	GlobalSection(ProjectConfigurationPlatforms) = postSolution
		{9BCF79CF-8709-4667-A32A-0E85A877A273}.Debug|Any CPU.ActiveCfg = Debug|Any CPU
		{9BCF79CF-8709-4667-A32A-0E85A877A273}.Debug|Any CPU.Build.0 = Debug|Any CPU
		{9BCF79CF-8709-4667-A32A-0E85A877A273}.Release|Any CPU.ActiveCfg = Release|Any CPU
		{9BCF79CF-8709-4667-A32A-0E85A877A273}.Release|Any CPU.Build.0 = Release|Any CPU
		{616705DE-FE07-406E-BCD9-4B60ABE3E481}.Debug|Any CPU.ActiveCfg = Debug|Any CPU
		{616705DE-FE07-406E-BCD9-4B60ABE3E481}.Debug|Any CPU.Build.0 = Debug|Any CPU
		{616705DE-FE07-406E-BCD9-4B60ABE3E481}.Release|Any CPU.ActiveCfg = Release|Any CPU
		{616705DE-FE07-406E-BCD9-4B60ABE3E481}.Release|Any CPU.Build.0 = Release|Any CPU
	EndGlobalSection
	GlobalSection(SolutionProperties) = preSolution
		HideSolutionNode = FALSE
	EndGlobalSection
	GlobalSection(ExtensibilityGlobals) = postSolution
		SolutionGuid = {6EF9ED7D-6CB6-491B-A31B-3AF9377FD560}
	EndGlobalSection
EndGlobal
