
Microsoft Visual Studio Solution File, Format Version 12.00
# Visual Studio Version 16
VisualStudioVersion = 16.0.29215.179
MinimumVisualStudioVersion = 10.0.40219.1
Project("{2150E333-8FDC-42A3-9474-1A3956D46DE8}") = "Solution Items", "Solution Items", "{1804B845-8B89-492A-BF86-1ADD22C5D714}"
	ProjectSection(SolutionItems) = preProject
		LICENSE.md = LICENSE.md
		README.md = README.md
	EndProjectSection
EndProject
Project("{9A19103F-16F7-4668-BE54-9A1E7A4F7556}") = "NeatInput.ConsoleApp", "samples\NeatInput.ConsoleApp\NeatInput.ConsoleApp.csproj", "{52A4DEEA-58DB-4B9B-A243-1CA5E0E3E50F}"
EndProject
Project("{9A19103F-16F7-4668-BE54-9A1E7A4F7556}") = "NeatInput.Windows", "src\NeatInput.Windows\NeatInput.Windows.csproj", "{41D2C0F3-B1D5-48CB-8311-776E32437C83}"
EndProject
Global
	GlobalSection(SolutionConfigurationPlatforms) = preSolution
		Debug|Any CPU = Debug|Any CPU
		Release|Any CPU = Release|Any CPU
	EndGlobalSection
	GlobalSection(ProjectConfigurationPlatforms) = postSolution
		{52A4DEEA-58DB-4B9B-A243-1CA5E0E3E50F}.Debug|Any CPU.ActiveCfg = Debug|Any CPU
		{52A4DEEA-58DB-4B9B-A243-1CA5E0E3E50F}.Debug|Any CPU.Build.0 = Debug|Any CPU
		{52A4DEEA-58DB-4B9B-A243-1CA5E0E3E50F}.Release|Any CPU.ActiveCfg = Release|Any CPU
		{52A4DEEA-58DB-4B9B-A243-1CA5E0E3E50F}.Release|Any CPU.Build.0 = Release|Any CPU
		{41D2C0F3-B1D5-48CB-8311-776E32437C83}.Debug|Any CPU.ActiveCfg = Debug|Any CPU
		{41D2C0F3-B1D5-48CB-8311-776E32437C83}.Debug|Any CPU.Build.0 = Debug|Any CPU
		{41D2C0F3-B1D5-48CB-8311-776E32437C83}.Release|Any CPU.ActiveCfg = Release|Any CPU
		{41D2C0F3-B1D5-48CB-8311-776E32437C83}.Release|Any CPU.Build.0 = Release|Any CPU
	EndGlobalSection
	GlobalSection(SolutionProperties) = preSolution
		HideSolutionNode = FALSE
	EndGlobalSection
	GlobalSection(ExtensibilityGlobals) = postSolution
		SolutionGuid = {6EF9ED7D-6CB6-491B-A31B-3AF9377FD560}
	EndGlobalSection
EndGlobal
